
Microsoft Visual Studio Solution File, Format Version 12.00
# Visual Studio Version 16
VisualStudioVersion = 25.0.1705.7
MinimumVisualStudioVersion = 10.0.40219.1
Project("{FAE04EC0-301F-11D3-BF4B-00C04F79EFBC}") = "PersonalData", "PersonalData\PersonalData.csproj", "{EBC170C2-DEC5-4F0D-8FA1-2C2FE001A60C}"
EndProject
Global
	GlobalSection(SolutionConfigurationPlatforms) = preSolution
		Debug|Any CPU = Debug|Any CPU
		Release|Any CPU = Release|Any CPU
	EndGlobalSection
	GlobalSection(ProjectConfigurationPlatforms) = postSolution
		{EBC170C2-DEC5-4F0D-8FA1-2C2FE001A60C}.Debug|Any CPU.ActiveCfg = Debug|Any CPU
		{EBC170C2-DEC5-4F0D-8FA1-2C2FE001A60C}.Debug|Any CPU.Build.0 = Debug|Any CPU
		{EBC170C2-DEC5-4F0D-8FA1-2C2FE001A60C}.Release|Any CPU.ActiveCfg = Release|Any CPU
		{EBC170C2-DEC5-4F0D-8FA1-2C2FE001A60C}.Release|Any CPU.Build.0 = Release|Any CPU
	EndGlobalSection
	GlobalSection(SolutionProperties) = preSolution
		HideSolutionNode = FALSE
	EndGlobalSection
	GlobalSection(ExtensibilityGlobals) = postSolution
		SolutionGuid = {42028FEC-82E9-4E0C-AEB3-86338F6615D5}
	EndGlobalSection
EndGlobal
